
Microsoft Visual Studio Solution File, Format Version 12.00
# Visual Studio Version 16
VisualStudioVersion = 16.0.28803.156
MinimumVisualStudioVersion = 10.0.40219.1
Project("{FAE04EC0-301F-11D3-BF4B-00C04F79EFBC}") = "GePro", "GePro\GePro.csproj", "{7AFC8059-23DA-42AA-80D4-ABC412DDC0FD}"
EndProject
Global
	GlobalSection(SolutionConfigurationPlatforms) = preSolution
		Debug|Any CPU = Debug|Any CPU
		Release|Any CPU = Release|Any CPU
	EndGlobalSection
	GlobalSection(ProjectConfigurationPlatforms) = postSolution
		{7AFC8059-23DA-42AA-80D4-ABC412DDC0FD}.Debug|Any CPU.ActiveCfg = Debug|Any CPU
		{7AFC8059-23DA-42AA-80D4-ABC412DDC0FD}.Debug|Any CPU.Build.0 = Debug|Any CPU
		{7AFC8059-23DA-42AA-80D4-ABC412DDC0FD}.Release|Any CPU.ActiveCfg = Release|Any CPU
		{7AFC8059-23DA-42AA-80D4-ABC412DDC0FD}.Release|Any CPU.Build.0 = Release|Any CPU
	EndGlobalSection
	GlobalSection(SolutionProperties) = preSolution
		HideSolutionNode = FALSE
	EndGlobalSection
	GlobalSection(ExtensibilityGlobals) = postSolution
		SolutionGuid = {FD6409E9-1D2A-47B5-9A99-423C96E46DF6}
	EndGlobalSection
EndGlobal
